
Microsoft Visual Studio Solution File, Format Version 12.00
# Visual Studio Version 17
VisualStudioVersion = 17.5.33424.131
MinimumVisualStudioVersion = 10.0.40219.1
Project("{FAE04EC0-301F-11D3-BF4B-00C04F79EFBC}") = "ConsoleAppQuiz", "ConsoleAppQuiz\ConsoleAppQuiz.csproj", "{66034DC7-9D94-4761-8952-A4AD0ADF8880}"
EndProject
Global
	GlobalSection(SolutionConfigurationPlatforms) = preSolution
		Debug|Any CPU = Debug|Any CPU
		Release|Any CPU = Release|Any CPU
	EndGlobalSection
	GlobalSection(ProjectConfigurationPlatforms) = postSolution
		{66034DC7-9D94-4761-8952-A4AD0ADF8880}.Debug|Any CPU.ActiveCfg = Debug|Any CPU
		{66034DC7-9D94-4761-8952-A4AD0ADF8880}.Debug|Any CPU.Build.0 = Debug|Any CPU
		{66034DC7-9D94-4761-8952-A4AD0ADF8880}.Release|Any CPU.ActiveCfg = Release|Any CPU
		{66034DC7-9D94-4761-8952-A4AD0ADF8880}.Release|Any CPU.Build.0 = Release|Any CPU
	EndGlobalSection
	GlobalSection(SolutionProperties) = preSolution
		HideSolutionNode = FALSE
	EndGlobalSection
	GlobalSection(ExtensibilityGlobals) = postSolution
		SolutionGuid = {22DB530A-AED0-4412-B181-0A4A3651CD06}
	EndGlobalSection
EndGlobal
